# THIS IS AN AUTOGENERATED FILE. DO NOT EDIT THIS FILE DIRECTLY.
# yarn lockfile v1


react-simple-cep-mask@^0.1.4:
  version "0.1.4"
  resolved "https://registry.yarnpkg.com/react-simple-cep-mask/-/react-simple-cep-mask-0.1.4.tgz#84a2e327a7ba7e61a9c0259f718d6e2b98fa3fa6"
  integrity sha512-hmC6EjFCznwmco+cj6RdhABAMKLML5uWFgd/jgLja6vYmDitncAEgRvXMnUGkBSTNKWC1Pxc5Ye18HeIumZ+fg==
